
Microsoft Visual Studio Solution File, Format Version 12.00
Project("{FAE04EC0-301F-11D3-BF4B-00C04F79EFBC}") = "CniDotNet", "CniDotNet\CniDotNet.csproj", "{1891677E-CB4B-43B2-9547-3DCEC4B03B38}"
EndProject
Project("{FAE04EC0-301F-11D3-BF4B-00C04F79EFBC}") = "CniDotNet.Tests", "CniDotNet.Tests\CniDotNet.Tests.csproj", "{051F9F85-B61D-4690-A14A-CD11EF30E57A}"
EndProject
Project("{FAE04EC0-301F-11D3-BF4B-00C04F79EFBC}") = "CniDotNet.Host.Local", "CniDotNet.Host.Local\CniDotNet.Host.Local.csproj", "{1A49F2C6-BC13-4C76-A454-3B29A216F5F4}"
EndProject
Project("{FAE04EC0-301F-11D3-BF4B-00C04F79EFBC}") = "CniDotNet.CniHost.Ssh", "CniDotNet.CniHost.Ssh\CniDotNet.CniHost.Ssh.csproj", "{A54849C1-C6F4-40D7-B2B4-43E0D99B4F64}"
EndProject
Project("{FAE04EC0-301F-11D3-BF4B-00C04F79EFBC}") = "CniDotNet.StandardPlugins", "CniDotNet.StandardPlugins\CniDotNet.StandardPlugins.csproj", "{0B477CE5-1760-48B4-81B1-3A00DC80A675}"
EndProject
Global
	GlobalSection(SolutionConfigurationPlatforms) = preSolution
		Debug|Any CPU = Debug|Any CPU
		Release|Any CPU = Release|Any CPU
	EndGlobalSection
	GlobalSection(ProjectConfigurationPlatforms) = postSolution
		{1891677E-CB4B-43B2-9547-3DCEC4B03B38}.Debug|Any CPU.ActiveCfg = Debug|Any CPU
		{1891677E-CB4B-43B2-9547-3DCEC4B03B38}.Debug|Any CPU.Build.0 = Debug|Any CPU
		{1891677E-CB4B-43B2-9547-3DCEC4B03B38}.Release|Any CPU.ActiveCfg = Release|Any CPU
		{1891677E-CB4B-43B2-9547-3DCEC4B03B38}.Release|Any CPU.Build.0 = Release|Any CPU
		{051F9F85-B61D-4690-A14A-CD11EF30E57A}.Debug|Any CPU.ActiveCfg = Debug|Any CPU
		{051F9F85-B61D-4690-A14A-CD11EF30E57A}.Debug|Any CPU.Build.0 = Debug|Any CPU
		{051F9F85-B61D-4690-A14A-CD11EF30E57A}.Release|Any CPU.ActiveCfg = Release|Any CPU
		{051F9F85-B61D-4690-A14A-CD11EF30E57A}.Release|Any CPU.Build.0 = Release|Any CPU
		{1A49F2C6-BC13-4C76-A454-3B29A216F5F4}.Debug|Any CPU.ActiveCfg = Debug|Any CPU
		{1A49F2C6-BC13-4C76-A454-3B29A216F5F4}.Debug|Any CPU.Build.0 = Debug|Any CPU
		{1A49F2C6-BC13-4C76-A454-3B29A216F5F4}.Release|Any CPU.ActiveCfg = Release|Any CPU
		{1A49F2C6-BC13-4C76-A454-3B29A216F5F4}.Release|Any CPU.Build.0 = Release|Any CPU
		{A54849C1-C6F4-40D7-B2B4-43E0D99B4F64}.Debug|Any CPU.ActiveCfg = Debug|Any CPU
		{A54849C1-C6F4-40D7-B2B4-43E0D99B4F64}.Debug|Any CPU.Build.0 = Debug|Any CPU
		{A54849C1-C6F4-40D7-B2B4-43E0D99B4F64}.Release|Any CPU.ActiveCfg = Release|Any CPU
		{A54849C1-C6F4-40D7-B2B4-43E0D99B4F64}.Release|Any CPU.Build.0 = Release|Any CPU
		{0B477CE5-1760-48B4-81B1-3A00DC80A675}.Debug|Any CPU.ActiveCfg = Debug|Any CPU
		{0B477CE5-1760-48B4-81B1-3A00DC80A675}.Debug|Any CPU.Build.0 = Debug|Any CPU
		{0B477CE5-1760-48B4-81B1-3A00DC80A675}.Release|Any CPU.ActiveCfg = Release|Any CPU
		{0B477CE5-1760-48B4-81B1-3A00DC80A675}.Release|Any CPU.Build.0 = Release|Any CPU
	EndGlobalSection
EndGlobal
